
Microsoft Visual Studio Solution File, Format Version 12.00
# Visual Studio 15
VisualStudioVersion = 15.0.26124.0
MinimumVisualStudioVersion = 15.0.26124.0
Project("{2150E333-8FDC-42A3-9474-1A3956D46DE8}") = "src", "src", "{B25492AD-AFBB-4675-A0C2-0F6994BDD901}"
EndProject
Project("{FAE04EC0-301F-11D3-BF4B-00C04F79EFBC}") = "Cart", "src\Cart\Cart.csproj", "{555B8BE8-68AA-44B8-AC66-AF45FA47E215}"
EndProject
Project("{2150E333-8FDC-42A3-9474-1A3956D46DE8}") = "tests", "tests", "{6EA7C04E-A2A3-4832-8954-9D6F80CFAE05}"
EndProject
Project("{FAE04EC0-301F-11D3-BF4B-00C04F79EFBC}") = "Cart.Tests", "tests\Cart.Tests\Cart.Tests.csproj", "{8E89C8C5-7011-4E8F-AFCE-21863C5D7F1A}"
EndProject
Project("{FAE04EC0-301F-11D3-BF4B-00C04F79EFBC}") = "App", "src\App\App.csproj", "{40C17B1F-1518-4135-B396-EB106DDDA8E6}"
EndProject
Global
	GlobalSection(SolutionConfigurationPlatforms) = preSolution
		Debug|Any CPU = Debug|Any CPU
		Debug|x64 = Debug|x64
		Debug|x86 = Debug|x86
		Release|Any CPU = Release|Any CPU
		Release|x64 = Release|x64
		Release|x86 = Release|x86
	EndGlobalSection
	GlobalSection(SolutionProperties) = preSolution
		HideSolutionNode = FALSE
	EndGlobalSection
	GlobalSection(ProjectConfigurationPlatforms) = postSolution
		{555B8BE8-68AA-44B8-AC66-AF45FA47E215}.Debug|Any CPU.ActiveCfg = Debug|Any CPU
		{555B8BE8-68AA-44B8-AC66-AF45FA47E215}.Debug|Any CPU.Build.0 = Debug|Any CPU
		{555B8BE8-68AA-44B8-AC66-AF45FA47E215}.Debug|x64.ActiveCfg = Debug|Any CPU
		{555B8BE8-68AA-44B8-AC66-AF45FA47E215}.Debug|x64.Build.0 = Debug|Any CPU
		{555B8BE8-68AA-44B8-AC66-AF45FA47E215}.Debug|x86.ActiveCfg = Debug|Any CPU
		{555B8BE8-68AA-44B8-AC66-AF45FA47E215}.Debug|x86.Build.0 = Debug|Any CPU
		{555B8BE8-68AA-44B8-AC66-AF45FA47E215}.Release|Any CPU.ActiveCfg = Release|Any CPU
		{555B8BE8-68AA-44B8-AC66-AF45FA47E215}.Release|Any CPU.Build.0 = Release|Any CPU
		{555B8BE8-68AA-44B8-AC66-AF45FA47E215}.Release|x64.ActiveCfg = Release|Any CPU
		{555B8BE8-68AA-44B8-AC66-AF45FA47E215}.Release|x64.Build.0 = Release|Any CPU
		{555B8BE8-68AA-44B8-AC66-AF45FA47E215}.Release|x86.ActiveCfg = Release|Any CPU
		{555B8BE8-68AA-44B8-AC66-AF45FA47E215}.Release|x86.Build.0 = Release|Any CPU
		{8E89C8C5-7011-4E8F-AFCE-21863C5D7F1A}.Debug|Any CPU.ActiveCfg = Debug|Any CPU
		{8E89C8C5-7011-4E8F-AFCE-21863C5D7F1A}.Debug|Any CPU.Build.0 = Debug|Any CPU
		{8E89C8C5-7011-4E8F-AFCE-21863C5D7F1A}.Debug|x64.ActiveCfg = Debug|Any CPU
		{8E89C8C5-7011-4E8F-AFCE-21863C5D7F1A}.Debug|x64.Build.0 = Debug|Any CPU
		{8E89C8C5-7011-4E8F-AFCE-21863C5D7F1A}.Debug|x86.ActiveCfg = Debug|Any CPU
		{8E89C8C5-7011-4E8F-AFCE-21863C5D7F1A}.Debug|x86.Build.0 = Debug|Any CPU
		{8E89C8C5-7011-4E8F-AFCE-21863C5D7F1A}.Release|Any CPU.ActiveCfg = Release|Any CPU
		{8E89C8C5-7011-4E8F-AFCE-21863C5D7F1A}.Release|Any CPU.Build.0 = Release|Any CPU
		{8E89C8C5-7011-4E8F-AFCE-21863C5D7F1A}.Release|x64.ActiveCfg = Release|Any CPU
		{8E89C8C5-7011-4E8F-AFCE-21863C5D7F1A}.Release|x64.Build.0 = Release|Any CPU
		{8E89C8C5-7011-4E8F-AFCE-21863C5D7F1A}.Release|x86.ActiveCfg = Release|Any CPU
		{8E89C8C5-7011-4E8F-AFCE-21863C5D7F1A}.Release|x86.Build.0 = Release|Any CPU
		{40C17B1F-1518-4135-B396-EB106DDDA8E6}.Debug|Any CPU.ActiveCfg = Debug|Any CPU
		{40C17B1F-1518-4135-B396-EB106DDDA8E6}.Debug|Any CPU.Build.0 = Debug|Any CPU
		{40C17B1F-1518-4135-B396-EB106DDDA8E6}.Debug|x64.ActiveCfg = Debug|Any CPU
		{40C17B1F-1518-4135-B396-EB106DDDA8E6}.Debug|x64.Build.0 = Debug|Any CPU
		{40C17B1F-1518-4135-B396-EB106DDDA8E6}.Debug|x86.ActiveCfg = Debug|Any CPU
		{40C17B1F-1518-4135-B396-EB106DDDA8E6}.Debug|x86.Build.0 = Debug|Any CPU
		{40C17B1F-1518-4135-B396-EB106DDDA8E6}.Release|Any CPU.ActiveCfg = Release|Any CPU
		{40C17B1F-1518-4135-B396-EB106DDDA8E6}.Release|Any CPU.Build.0 = Release|Any CPU
		{40C17B1F-1518-4135-B396-EB106DDDA8E6}.Release|x64.ActiveCfg = Release|Any CPU
		{40C17B1F-1518-4135-B396-EB106DDDA8E6}.Release|x64.Build.0 = Release|Any CPU
		{40C17B1F-1518-4135-B396-EB106DDDA8E6}.Release|x86.ActiveCfg = Release|Any CPU
		{40C17B1F-1518-4135-B396-EB106DDDA8E6}.Release|x86.Build.0 = Release|Any CPU
	EndGlobalSection
	GlobalSection(NestedProjects) = preSolution
		{555B8BE8-68AA-44B8-AC66-AF45FA47E215} = {B25492AD-AFBB-4675-A0C2-0F6994BDD901}
		{8E89C8C5-7011-4E8F-AFCE-21863C5D7F1A} = {6EA7C04E-A2A3-4832-8954-9D6F80CFAE05}
		{40C17B1F-1518-4135-B396-EB106DDDA8E6} = {B25492AD-AFBB-4675-A0C2-0F6994BDD901}
	EndGlobalSection
EndGlobal
